
Microsoft Visual Studio Solution File, Format Version 12.00
# Visual Studio Version 16
VisualStudioVersion = 16.0.29424.173
MinimumVisualStudioVersion = 10.0.40219.1
Project("{FAE04EC0-301F-11D3-BF4B-00C04F79EFBC}") = "AesirCore", "AesirCore\AesirCore.csproj", "{A5BB1405-098B-46FF-82C3-367C890996D0}"
EndProject
Project("{FAE04EC0-301F-11D3-BF4B-00C04F79EFBC}") = "AesirLightsUI", "AesirLightsUI\AesirLightsUI.csproj", "{E41C71AF-009E-4907-AFEE-985933228E92}"
EndProject
Project("{FAE04EC0-301F-11D3-BF4B-00C04F79EFBC}") = "HidLibrary", "HidLibrary\HidLibrary.csproj", "{C362D4A4-1E6F-4E2B-9872-E49CEB61CE42}"
EndProject
Project("{FAE04EC0-301F-11D3-BF4B-00C04F79EFBC}") = "DS4Library", "DS4Library\DS4Library.csproj", "{704B84CD-F7C4-4371-86D8-BC168D7BB46A}"
EndProject
Project("{FAE04EC0-301F-11D3-BF4B-00C04F79EFBC}") = "CommonLib", "CommonLib\CommonLib.csproj", "{DC86CB06-C408-4D95-804E-FFECA7284DAA}"
EndProject
Project("{FAE04EC0-301F-11D3-BF4B-00C04F79EFBC}") = "DS4LibTest", "DS4LibTest\DS4LibTest.csproj", "{737DA186-13F3-43E7-8BD8-60394EBE5DB1}"
EndProject
Project("{FAE04EC0-301F-11D3-BF4B-00C04F79EFBC}") = "ScarlettLib", "ScarlettLib\ScarlettLib.csproj", "{E447CAD6-046D-4058-A652-7EDF40AE0D54}"
EndProject
Project("{9A19103F-16F7-4668-BE54-9A1E7A4F7556}") = "AesirCoreApi", "AesirCoreApi\AesirCoreApi.csproj", "{F6A9B59F-5A2D-4115-BAF3-27325757797F}"
EndProject
Project("{9A19103F-16F7-4668-BE54-9A1E7A4F7556}") = "ConsoleMidi", "ConsoleMidi\ConsoleMidi.csproj", "{582B8A48-D1CF-4387-ACED-4365D4B2E464}"
EndProject
Project("{FAE04EC0-301F-11D3-BF4B-00C04F79EFBC}") = "ConsoleMidiTester", "ConsoleMidiTester\ConsoleMidiTester.csproj", "{9F46C699-DC6A-42DA-8E62-764D6359E45F}"
EndProject
Global
	GlobalSection(SolutionConfigurationPlatforms) = preSolution
		Debug|Any CPU = Debug|Any CPU
		Debug|ARM = Debug|ARM
		Debug|ARM64 = Debug|ARM64
		Debug|x64 = Debug|x64
		Debug|x86 = Debug|x86
		Release|Any CPU = Release|Any CPU
		Release|ARM = Release|ARM
		Release|ARM64 = Release|ARM64
		Release|x64 = Release|x64
		Release|x86 = Release|x86
	EndGlobalSection
	GlobalSection(ProjectConfigurationPlatforms) = postSolution
		{A5BB1405-098B-46FF-82C3-367C890996D0}.Debug|Any CPU.ActiveCfg = Debug|Any CPU
		{A5BB1405-098B-46FF-82C3-367C890996D0}.Debug|Any CPU.Build.0 = Debug|Any CPU
		{A5BB1405-098B-46FF-82C3-367C890996D0}.Debug|ARM.ActiveCfg = Debug|Any CPU
		{A5BB1405-098B-46FF-82C3-367C890996D0}.Debug|ARM.Build.0 = Debug|Any CPU
		{A5BB1405-098B-46FF-82C3-367C890996D0}.Debug|ARM64.ActiveCfg = Debug|Any CPU
		{A5BB1405-098B-46FF-82C3-367C890996D0}.Debug|ARM64.Build.0 = Debug|Any CPU
		{A5BB1405-098B-46FF-82C3-367C890996D0}.Debug|x64.ActiveCfg = Debug|x64
		{A5BB1405-098B-46FF-82C3-367C890996D0}.Debug|x64.Build.0 = Debug|x64
		{A5BB1405-098B-46FF-82C3-367C890996D0}.Debug|x86.ActiveCfg = Debug|Any CPU
		{A5BB1405-098B-46FF-82C3-367C890996D0}.Debug|x86.Build.0 = Debug|Any CPU
		{A5BB1405-098B-46FF-82C3-367C890996D0}.Release|Any CPU.ActiveCfg = Release|Any CPU
		{A5BB1405-098B-46FF-82C3-367C890996D0}.Release|Any CPU.Build.0 = Release|Any CPU
		{A5BB1405-098B-46FF-82C3-367C890996D0}.Release|ARM.ActiveCfg = Release|Any CPU
		{A5BB1405-098B-46FF-82C3-367C890996D0}.Release|ARM.Build.0 = Release|Any CPU
		{A5BB1405-098B-46FF-82C3-367C890996D0}.Release|ARM64.ActiveCfg = Release|Any CPU
		{A5BB1405-098B-46FF-82C3-367C890996D0}.Release|ARM64.Build.0 = Release|Any CPU
		{A5BB1405-098B-46FF-82C3-367C890996D0}.Release|x64.ActiveCfg = Release|x64
		{A5BB1405-098B-46FF-82C3-367C890996D0}.Release|x64.Build.0 = Release|x64
		{A5BB1405-098B-46FF-82C3-367C890996D0}.Release|x86.ActiveCfg = Release|Any CPU
		{A5BB1405-098B-46FF-82C3-367C890996D0}.Release|x86.Build.0 = Release|Any CPU
		{E41C71AF-009E-4907-AFEE-985933228E92}.Debug|Any CPU.ActiveCfg = Debug|x86
		{E41C71AF-009E-4907-AFEE-985933228E92}.Debug|Any CPU.Build.0 = Debug|x86
		{E41C71AF-009E-4907-AFEE-985933228E92}.Debug|Any CPU.Deploy.0 = Debug|x86
		{E41C71AF-009E-4907-AFEE-985933228E92}.Debug|ARM.ActiveCfg = Debug|ARM
		{E41C71AF-009E-4907-AFEE-985933228E92}.Debug|ARM.Build.0 = Debug|ARM
		{E41C71AF-009E-4907-AFEE-985933228E92}.Debug|ARM.Deploy.0 = Debug|ARM
		{E41C71AF-009E-4907-AFEE-985933228E92}.Debug|ARM64.ActiveCfg = Debug|ARM64
		{E41C71AF-009E-4907-AFEE-985933228E92}.Debug|ARM64.Build.0 = Debug|ARM64
		{E41C71AF-009E-4907-AFEE-985933228E92}.Debug|ARM64.Deploy.0 = Debug|ARM64
		{E41C71AF-009E-4907-AFEE-985933228E92}.Debug|x64.ActiveCfg = Debug|x64
		{E41C71AF-009E-4907-AFEE-985933228E92}.Debug|x64.Build.0 = Debug|x64
		{E41C71AF-009E-4907-AFEE-985933228E92}.Debug|x64.Deploy.0 = Debug|x64
		{E41C71AF-009E-4907-AFEE-985933228E92}.Debug|x86.ActiveCfg = Debug|x86
		{E41C71AF-009E-4907-AFEE-985933228E92}.Debug|x86.Build.0 = Debug|x86
		{E41C71AF-009E-4907-AFEE-985933228E92}.Debug|x86.Deploy.0 = Debug|x86
		{E41C71AF-009E-4907-AFEE-985933228E92}.Release|Any CPU.ActiveCfg = Release|x86
		{E41C71AF-009E-4907-AFEE-985933228E92}.Release|ARM.ActiveCfg = Release|ARM
		{E41C71AF-009E-4907-AFEE-985933228E92}.Release|ARM.Build.0 = Release|ARM
		{E41C71AF-009E-4907-AFEE-985933228E92}.Release|ARM.Deploy.0 = Release|ARM
		{E41C71AF-009E-4907-AFEE-985933228E92}.Release|ARM64.ActiveCfg = Release|ARM64
		{E41C71AF-009E-4907-AFEE-985933228E92}.Release|ARM64.Build.0 = Release|ARM64
		{E41C71AF-009E-4907-AFEE-985933228E92}.Release|ARM64.Deploy.0 = Release|ARM64
		{E41C71AF-009E-4907-AFEE-985933228E92}.Release|x64.ActiveCfg = Release|x64
		{E41C71AF-009E-4907-AFEE-985933228E92}.Release|x64.Build.0 = Release|x64
		{E41C71AF-009E-4907-AFEE-985933228E92}.Release|x64.Deploy.0 = Release|x64
		{E41C71AF-009E-4907-AFEE-985933228E92}.Release|x86.ActiveCfg = Release|x86
		{E41C71AF-009E-4907-AFEE-985933228E92}.Release|x86.Build.0 = Release|x86
		{E41C71AF-009E-4907-AFEE-985933228E92}.Release|x86.Deploy.0 = Release|x86
		{C362D4A4-1E6F-4E2B-9872-E49CEB61CE42}.Debug|Any CPU.ActiveCfg = Debug|Any CPU
		{C362D4A4-1E6F-4E2B-9872-E49CEB61CE42}.Debug|Any CPU.Build.0 = Debug|Any CPU
		{C362D4A4-1E6F-4E2B-9872-E49CEB61CE42}.Debug|ARM.ActiveCfg = Debug|Any CPU
		{C362D4A4-1E6F-4E2B-9872-E49CEB61CE42}.Debug|ARM.Build.0 = Debug|Any CPU
		{C362D4A4-1E6F-4E2B-9872-E49CEB61CE42}.Debug|ARM64.ActiveCfg = Debug|Any CPU
		{C362D4A4-1E6F-4E2B-9872-E49CEB61CE42}.Debug|ARM64.Build.0 = Debug|Any CPU
		{C362D4A4-1E6F-4E2B-9872-E49CEB61CE42}.Debug|x64.ActiveCfg = Debug|Any CPU
		{C362D4A4-1E6F-4E2B-9872-E49CEB61CE42}.Debug|x64.Build.0 = Debug|Any CPU
		{C362D4A4-1E6F-4E2B-9872-E49CEB61CE42}.Debug|x86.ActiveCfg = Debug|Any CPU
		{C362D4A4-1E6F-4E2B-9872-E49CEB61CE42}.Debug|x86.Build.0 = Debug|Any CPU
		{C362D4A4-1E6F-4E2B-9872-E49CEB61CE42}.Release|Any CPU.ActiveCfg = Release|Any CPU
		{C362D4A4-1E6F-4E2B-9872-E49CEB61CE42}.Release|Any CPU.Build.0 = Release|Any CPU
		{C362D4A4-1E6F-4E2B-9872-E49CEB61CE42}.Release|ARM.ActiveCfg = Release|Any CPU
		{C362D4A4-1E6F-4E2B-9872-E49CEB61CE42}.Release|ARM.Build.0 = Release|Any CPU
		{C362D4A4-1E6F-4E2B-9872-E49CEB61CE42}.Release|ARM64.ActiveCfg = Release|Any CPU
		{C362D4A4-1E6F-4E2B-9872-E49CEB61CE42}.Release|ARM64.Build.0 = Release|Any CPU
		{C362D4A4-1E6F-4E2B-9872-E49CEB61CE42}.Release|x64.ActiveCfg = Release|Any CPU
		{C362D4A4-1E6F-4E2B-9872-E49CEB61CE42}.Release|x64.Build.0 = Release|Any CPU
		{C362D4A4-1E6F-4E2B-9872-E49CEB61CE42}.Release|x86.ActiveCfg = Release|Any CPU
		{C362D4A4-1E6F-4E2B-9872-E49CEB61CE42}.Release|x86.Build.0 = Release|Any CPU
		{704B84CD-F7C4-4371-86D8-BC168D7BB46A}.Debug|Any CPU.ActiveCfg = Debug|Any CPU
		{704B84CD-F7C4-4371-86D8-BC168D7BB46A}.Debug|Any CPU.Build.0 = Debug|Any CPU
		{704B84CD-F7C4-4371-86D8-BC168D7BB46A}.Debug|ARM.ActiveCfg = Debug|Any CPU
		{704B84CD-F7C4-4371-86D8-BC168D7BB46A}.Debug|ARM.Build.0 = Debug|Any CPU
		{704B84CD-F7C4-4371-86D8-BC168D7BB46A}.Debug|ARM64.ActiveCfg = Debug|Any CPU
		{704B84CD-F7C4-4371-86D8-BC168D7BB46A}.Debug|ARM64.Build.0 = Debug|Any CPU
		{704B84CD-F7C4-4371-86D8-BC168D7BB46A}.Debug|x64.ActiveCfg = Debug|Any CPU
		{704B84CD-F7C4-4371-86D8-BC168D7BB46A}.Debug|x64.Build.0 = Debug|Any CPU
		{704B84CD-F7C4-4371-86D8-BC168D7BB46A}.Debug|x86.ActiveCfg = Debug|Any CPU
		{704B84CD-F7C4-4371-86D8-BC168D7BB46A}.Debug|x86.Build.0 = Debug|Any CPU
		{704B84CD-F7C4-4371-86D8-BC168D7BB46A}.Release|Any CPU.ActiveCfg = Release|Any CPU
		{704B84CD-F7C4-4371-86D8-BC168D7BB46A}.Release|Any CPU.Build.0 = Release|Any CPU
		{704B84CD-F7C4-4371-86D8-BC168D7BB46A}.Release|ARM.ActiveCfg = Release|Any CPU
		{704B84CD-F7C4-4371-86D8-BC168D7BB46A}.Release|ARM.Build.0 = Release|Any CPU
		{704B84CD-F7C4-4371-86D8-BC168D7BB46A}.Release|ARM64.ActiveCfg = Release|Any CPU
		{704B84CD-F7C4-4371-86D8-BC168D7BB46A}.Release|ARM64.Build.0 = Release|Any CPU
		{704B84CD-F7C4-4371-86D8-BC168D7BB46A}.Release|x64.ActiveCfg = Release|Any CPU
		{704B84CD-F7C4-4371-86D8-BC168D7BB46A}.Release|x64.Build.0 = Release|Any CPU
		{704B84CD-F7C4-4371-86D8-BC168D7BB46A}.Release|x86.ActiveCfg = Release|Any CPU
		{704B84CD-F7C4-4371-86D8-BC168D7BB46A}.Release|x86.Build.0 = Release|Any CPU
		{DC86CB06-C408-4D95-804E-FFECA7284DAA}.Debug|Any CPU.ActiveCfg = Debug|Any CPU
		{DC86CB06-C408-4D95-804E-FFECA7284DAA}.Debug|Any CPU.Build.0 = Debug|Any CPU
		{DC86CB06-C408-4D95-804E-FFECA7284DAA}.Debug|ARM.ActiveCfg = Debug|Any CPU
		{DC86CB06-C408-4D95-804E-FFECA7284DAA}.Debug|ARM.Build.0 = Debug|Any CPU
		{DC86CB06-C408-4D95-804E-FFECA7284DAA}.Debug|ARM64.ActiveCfg = Debug|Any CPU
		{DC86CB06-C408-4D95-804E-FFECA7284DAA}.Debug|ARM64.Build.0 = Debug|Any CPU
		{DC86CB06-C408-4D95-804E-FFECA7284DAA}.Debug|x64.ActiveCfg = Debug|Any CPU
		{DC86CB06-C408-4D95-804E-FFECA7284DAA}.Debug|x64.Build.0 = Debug|Any CPU
		{DC86CB06-C408-4D95-804E-FFECA7284DAA}.Debug|x86.ActiveCfg = Debug|Any CPU
		{DC86CB06-C408-4D95-804E-FFECA7284DAA}.Debug|x86.Build.0 = Debug|Any CPU
		{DC86CB06-C408-4D95-804E-FFECA7284DAA}.Release|Any CPU.ActiveCfg = Release|Any CPU
		{DC86CB06-C408-4D95-804E-FFECA7284DAA}.Release|Any CPU.Build.0 = Release|Any CPU
		{DC86CB06-C408-4D95-804E-FFECA7284DAA}.Release|ARM.ActiveCfg = Release|Any CPU
		{DC86CB06-C408-4D95-804E-FFECA7284DAA}.Release|ARM.Build.0 = Release|Any CPU
		{DC86CB06-C408-4D95-804E-FFECA7284DAA}.Release|ARM64.ActiveCfg = Release|Any CPU
		{DC86CB06-C408-4D95-804E-FFECA7284DAA}.Release|ARM64.Build.0 = Release|Any CPU
		{DC86CB06-C408-4D95-804E-FFECA7284DAA}.Release|x64.ActiveCfg = Release|Any CPU
		{DC86CB06-C408-4D95-804E-FFECA7284DAA}.Release|x64.Build.0 = Release|Any CPU
		{DC86CB06-C408-4D95-804E-FFECA7284DAA}.Release|x86.ActiveCfg = Release|Any CPU
		{DC86CB06-C408-4D95-804E-FFECA7284DAA}.Release|x86.Build.0 = Release|Any CPU
		{737DA186-13F3-43E7-8BD8-60394EBE5DB1}.Debug|Any CPU.ActiveCfg = Debug|Any CPU
		{737DA186-13F3-43E7-8BD8-60394EBE5DB1}.Debug|Any CPU.Build.0 = Debug|Any CPU
		{737DA186-13F3-43E7-8BD8-60394EBE5DB1}.Debug|ARM.ActiveCfg = Debug|Any CPU
		{737DA186-13F3-43E7-8BD8-60394EBE5DB1}.Debug|ARM.Build.0 = Debug|Any CPU
		{737DA186-13F3-43E7-8BD8-60394EBE5DB1}.Debug|ARM64.ActiveCfg = Debug|Any CPU
		{737DA186-13F3-43E7-8BD8-60394EBE5DB1}.Debug|ARM64.Build.0 = Debug|Any CPU
		{737DA186-13F3-43E7-8BD8-60394EBE5DB1}.Debug|x64.ActiveCfg = Debug|Any CPU
		{737DA186-13F3-43E7-8BD8-60394EBE5DB1}.Debug|x64.Build.0 = Debug|Any CPU
		{737DA186-13F3-43E7-8BD8-60394EBE5DB1}.Debug|x86.ActiveCfg = Debug|Any CPU
		{737DA186-13F3-43E7-8BD8-60394EBE5DB1}.Debug|x86.Build.0 = Debug|Any CPU
		{737DA186-13F3-43E7-8BD8-60394EBE5DB1}.Release|Any CPU.ActiveCfg = Release|Any CPU
		{737DA186-13F3-43E7-8BD8-60394EBE5DB1}.Release|Any CPU.Build.0 = Release|Any CPU
		{737DA186-13F3-43E7-8BD8-60394EBE5DB1}.Release|ARM.ActiveCfg = Release|Any CPU
		{737DA186-13F3-43E7-8BD8-60394EBE5DB1}.Release|ARM.Build.0 = Release|Any CPU
		{737DA186-13F3-43E7-8BD8-60394EBE5DB1}.Release|ARM64.ActiveCfg = Release|Any CPU
		{737DA186-13F3-43E7-8BD8-60394EBE5DB1}.Release|ARM64.Build.0 = Release|Any CPU
		{737DA186-13F3-43E7-8BD8-60394EBE5DB1}.Release|x64.ActiveCfg = Release|Any CPU
		{737DA186-13F3-43E7-8BD8-60394EBE5DB1}.Release|x64.Build.0 = Release|Any CPU
		{737DA186-13F3-43E7-8BD8-60394EBE5DB1}.Release|x86.ActiveCfg = Release|Any CPU
		{737DA186-13F3-43E7-8BD8-60394EBE5DB1}.Release|x86.Build.0 = Release|Any CPU
		{E447CAD6-046D-4058-A652-7EDF40AE0D54}.Debug|Any CPU.ActiveCfg = Debug|Any CPU
		{E447CAD6-046D-4058-A652-7EDF40AE0D54}.Debug|Any CPU.Build.0 = Debug|Any CPU
		{E447CAD6-046D-4058-A652-7EDF40AE0D54}.Debug|ARM.ActiveCfg = Debug|Any CPU
		{E447CAD6-046D-4058-A652-7EDF40AE0D54}.Debug|ARM.Build.0 = Debug|Any CPU
		{E447CAD6-046D-4058-A652-7EDF40AE0D54}.Debug|ARM64.ActiveCfg = Debug|Any CPU
		{E447CAD6-046D-4058-A652-7EDF40AE0D54}.Debug|ARM64.Build.0 = Debug|Any CPU
		{E447CAD6-046D-4058-A652-7EDF40AE0D54}.Debug|x64.ActiveCfg = Debug|Any CPU
		{E447CAD6-046D-4058-A652-7EDF40AE0D54}.Debug|x64.Build.0 = Debug|Any CPU
		{E447CAD6-046D-4058-A652-7EDF40AE0D54}.Debug|x86.ActiveCfg = Debug|Any CPU
		{E447CAD6-046D-4058-A652-7EDF40AE0D54}.Debug|x86.Build.0 = Debug|Any CPU
		{E447CAD6-046D-4058-A652-7EDF40AE0D54}.Release|Any CPU.ActiveCfg = Release|Any CPU
		{E447CAD6-046D-4058-A652-7EDF40AE0D54}.Release|Any CPU.Build.0 = Release|Any CPU
		{E447CAD6-046D-4058-A652-7EDF40AE0D54}.Release|ARM.ActiveCfg = Release|Any CPU
		{E447CAD6-046D-4058-A652-7EDF40AE0D54}.Release|ARM.Build.0 = Release|Any CPU
		{E447CAD6-046D-4058-A652-7EDF40AE0D54}.Release|ARM64.ActiveCfg = Release|Any CPU
		{E447CAD6-046D-4058-A652-7EDF40AE0D54}.Release|ARM64.Build.0 = Release|Any CPU
		{E447CAD6-046D-4058-A652-7EDF40AE0D54}.Release|x64.ActiveCfg = Release|Any CPU
		{E447CAD6-046D-4058-A652-7EDF40AE0D54}.Release|x64.Build.0 = Release|Any CPU
		{E447CAD6-046D-4058-A652-7EDF40AE0D54}.Release|x86.ActiveCfg = Release|Any CPU
		{E447CAD6-046D-4058-A652-7EDF40AE0D54}.Release|x86.Build.0 = Release|Any CPU
		{F6A9B59F-5A2D-4115-BAF3-27325757797F}.Debug|Any CPU.ActiveCfg = Debug|Any CPU
		{F6A9B59F-5A2D-4115-BAF3-27325757797F}.Debug|Any CPU.Build.0 = Debug|Any CPU
		{F6A9B59F-5A2D-4115-BAF3-27325757797F}.Debug|ARM.ActiveCfg = Debug|Any CPU
		{F6A9B59F-5A2D-4115-BAF3-27325757797F}.Debug|ARM.Build.0 = Debug|Any CPU
		{F6A9B59F-5A2D-4115-BAF3-27325757797F}.Debug|ARM64.ActiveCfg = Debug|Any CPU
		{F6A9B59F-5A2D-4115-BAF3-27325757797F}.Debug|ARM64.Build.0 = Debug|Any CPU
		{F6A9B59F-5A2D-4115-BAF3-27325757797F}.Debug|x64.ActiveCfg = Debug|Any CPU
		{F6A9B59F-5A2D-4115-BAF3-27325757797F}.Debug|x64.Build.0 = Debug|Any CPU
		{F6A9B59F-5A2D-4115-BAF3-27325757797F}.Debug|x86.ActiveCfg = Debug|Any CPU
		{F6A9B59F-5A2D-4115-BAF3-27325757797F}.Debug|x86.Build.0 = Debug|Any CPU
		{F6A9B59F-5A2D-4115-BAF3-27325757797F}.Release|Any CPU.ActiveCfg = Release|Any CPU
		{F6A9B59F-5A2D-4115-BAF3-27325757797F}.Release|Any CPU.Build.0 = Release|Any CPU
		{F6A9B59F-5A2D-4115-BAF3-27325757797F}.Release|ARM.ActiveCfg = Release|Any CPU
		{F6A9B59F-5A2D-4115-BAF3-27325757797F}.Release|ARM.Build.0 = Release|Any CPU
		{F6A9B59F-5A2D-4115-BAF3-27325757797F}.Release|ARM64.ActiveCfg = Release|Any CPU
		{F6A9B59F-5A2D-4115-BAF3-27325757797F}.Release|ARM64.Build.0 = Release|Any CPU
		{F6A9B59F-5A2D-4115-BAF3-27325757797F}.Release|x64.ActiveCfg = Release|Any CPU
		{F6A9B59F-5A2D-4115-BAF3-27325757797F}.Release|x64.Build.0 = Release|Any CPU
		{F6A9B59F-5A2D-4115-BAF3-27325757797F}.Release|x86.ActiveCfg = Release|Any CPU
		{F6A9B59F-5A2D-4115-BAF3-27325757797F}.Release|x86.Build.0 = Release|Any CPU
		{582B8A48-D1CF-4387-ACED-4365D4B2E464}.Debug|Any CPU.ActiveCfg = Debug|Any CPU
		{582B8A48-D1CF-4387-ACED-4365D4B2E464}.Debug|Any CPU.Build.0 = Debug|Any CPU
		{582B8A48-D1CF-4387-ACED-4365D4B2E464}.Debug|ARM.ActiveCfg = Debug|Any CPU
		{582B8A48-D1CF-4387-ACED-4365D4B2E464}.Debug|ARM.Build.0 = Debug|Any CPU
		{582B8A48-D1CF-4387-ACED-4365D4B2E464}.Debug|ARM64.ActiveCfg = Debug|Any CPU
		{582B8A48-D1CF-4387-ACED-4365D4B2E464}.Debug|ARM64.Build.0 = Debug|Any CPU
		{582B8A48-D1CF-4387-ACED-4365D4B2E464}.Debug|x64.ActiveCfg = Debug|Any CPU
		{582B8A48-D1CF-4387-ACED-4365D4B2E464}.Debug|x64.Build.0 = Debug|Any CPU
		{582B8A48-D1CF-4387-ACED-4365D4B2E464}.Debug|x86.ActiveCfg = Debug|Any CPU
		{582B8A48-D1CF-4387-ACED-4365D4B2E464}.Debug|x86.Build.0 = Debug|Any CPU
		{582B8A48-D1CF-4387-ACED-4365D4B2E464}.Release|Any CPU.ActiveCfg = Release|Any CPU
		{582B8A48-D1CF-4387-ACED-4365D4B2E464}.Release|Any CPU.Build.0 = Release|Any CPU
		{582B8A48-D1CF-4387-ACED-4365D4B2E464}.Release|ARM.ActiveCfg = Release|Any CPU
		{582B8A48-D1CF-4387-ACED-4365D4B2E464}.Release|ARM.Build.0 = Release|Any CPU
		{582B8A48-D1CF-4387-ACED-4365D4B2E464}.Release|ARM64.ActiveCfg = Release|Any CPU
		{582B8A48-D1CF-4387-ACED-4365D4B2E464}.Release|ARM64.Build.0 = Release|Any CPU
		{582B8A48-D1CF-4387-ACED-4365D4B2E464}.Release|x64.ActiveCfg = Release|Any CPU
		{582B8A48-D1CF-4387-ACED-4365D4B2E464}.Release|x64.Build.0 = Release|Any CPU
		{582B8A48-D1CF-4387-ACED-4365D4B2E464}.Release|x86.ActiveCfg = Release|Any CPU
		{582B8A48-D1CF-4387-ACED-4365D4B2E464}.Release|x86.Build.0 = Release|Any CPU
		{9F46C699-DC6A-42DA-8E62-764D6359E45F}.Debug|Any CPU.ActiveCfg = Debug|Any CPU
		{9F46C699-DC6A-42DA-8E62-764D6359E45F}.Debug|Any CPU.Build.0 = Debug|Any CPU
		{9F46C699-DC6A-42DA-8E62-764D6359E45F}.Debug|ARM.ActiveCfg = Debug|Any CPU
		{9F46C699-DC6A-42DA-8E62-764D6359E45F}.Debug|ARM.Build.0 = Debug|Any CPU
		{9F46C699-DC6A-42DA-8E62-764D6359E45F}.Debug|ARM64.ActiveCfg = Debug|Any CPU
		{9F46C699-DC6A-42DA-8E62-764D6359E45F}.Debug|ARM64.Build.0 = Debug|Any CPU
		{9F46C699-DC6A-42DA-8E62-764D6359E45F}.Debug|x64.ActiveCfg = Debug|Any CPU
		{9F46C699-DC6A-42DA-8E62-764D6359E45F}.Debug|x64.Build.0 = Debug|Any CPU
		{9F46C699-DC6A-42DA-8E62-764D6359E45F}.Debug|x86.ActiveCfg = Debug|Any CPU
		{9F46C699-DC6A-42DA-8E62-764D6359E45F}.Debug|x86.Build.0 = Debug|Any CPU
		{9F46C699-DC6A-42DA-8E62-764D6359E45F}.Release|Any CPU.ActiveCfg = Release|Any CPU
		{9F46C699-DC6A-42DA-8E62-764D6359E45F}.Release|Any CPU.Build.0 = Release|Any CPU
		{9F46C699-DC6A-42DA-8E62-764D6359E45F}.Release|ARM.ActiveCfg = Release|Any CPU
		{9F46C699-DC6A-42DA-8E62-764D6359E45F}.Release|ARM.Build.0 = Release|Any CPU
		{9F46C699-DC6A-42DA-8E62-764D6359E45F}.Release|ARM64.ActiveCfg = Release|Any CPU
		{9F46C699-DC6A-42DA-8E62-764D6359E45F}.Release|ARM64.Build.0 = Release|Any CPU
		{9F46C699-DC6A-42DA-8E62-764D6359E45F}.Release|x64.ActiveCfg = Release|Any CPU
		{9F46C699-DC6A-42DA-8E62-764D6359E45F}.Release|x64.Build.0 = Release|Any CPU
		{9F46C699-DC6A-42DA-8E62-764D6359E45F}.Release|x86.ActiveCfg = Release|Any CPU
		{9F46C699-DC6A-42DA-8E62-764D6359E45F}.Release|x86.Build.0 = Release|Any CPU
	EndGlobalSection
	GlobalSection(SolutionProperties) = preSolution
		HideSolutionNode = FALSE
	EndGlobalSection
	GlobalSection(ExtensibilityGlobals) = postSolution
		SolutionGuid = {5A05A0EB-C365-4546-AD5B-077BB1502C08}
	EndGlobalSection
EndGlobal
